
Microsoft Visual Studio Solution File, Format Version 12.00
# Visual Studio Version 17
VisualStudioVersion = 17.12.35527.113 d17.12
MinimumVisualStudioVersion = 10.0.40219.1
Project("{FAE04EC0-301F-11D3-BF4B-00C04F79EFBC}") = "Renewal.API", "Renewal.API\Renewal.API.csproj", "{8BF75238-EE0A-4271-B2BF-91D5E82EC525}"
EndProject
Global
	GlobalSection(SolutionConfigurationPlatforms) = preSolution
		Debug|Any CPU = Debug|Any CPU
		Release|Any CPU = Release|Any CPU
	EndGlobalSection
	GlobalSection(ProjectConfigurationPlatforms) = postSolution
		{8BF75238-EE0A-4271-B2BF-91D5E82EC525}.Debug|Any CPU.ActiveCfg = Debug|Any CPU
		{8BF75238-EE0A-4271-B2BF-91D5E82EC525}.Debug|Any CPU.Build.0 = Debug|Any CPU
		{8BF75238-EE0A-4271-B2BF-91D5E82EC525}.Release|Any CPU.ActiveCfg = Release|Any CPU
		{8BF75238-EE0A-4271-B2BF-91D5E82EC525}.Release|Any CPU.Build.0 = Release|Any CPU
	EndGlobalSection
	GlobalSection(SolutionProperties) = preSolution
		HideSolutionNode = FALSE
	EndGlobalSection
EndGlobal
